
Microsoft Visual Studio Solution File, Format Version 12.00
# Visual Studio Version 16
VisualStudioVersion = 16.0.29728.190
MinimumVisualStudioVersion = 10.0.40219.1
Project("{FAE04EC0-301F-11D3-BF4B-00C04F79EFBC}") = "ApplicationInputScope", "ApplicationInputScope\ApplicationInputScope.csproj", "{CBE72720-79E8-4DDE-A218-31E7E238D89B}"
EndProject
Global
	GlobalSection(SolutionConfigurationPlatforms) = preSolution
		Debug|ARM = Debug|ARM
		Debug|x64 = Debug|x64
		Debug|x86 = Debug|x86
		Release|ARM = Release|ARM
		Release|x64 = Release|x64
		Release|x86 = Release|x86
	EndGlobalSection
	GlobalSection(ProjectConfigurationPlatforms) = postSolution
		{CBE72720-79E8-4DDE-A218-31E7E238D89B}.Debug|ARM.ActiveCfg = Debug|ARM
		{CBE72720-79E8-4DDE-A218-31E7E238D89B}.Debug|ARM.Build.0 = Debug|ARM
		{CBE72720-79E8-4DDE-A218-31E7E238D89B}.Debug|ARM.Deploy.0 = Debug|ARM
		{CBE72720-79E8-4DDE-A218-31E7E238D89B}.Debug|x64.ActiveCfg = Debug|x64
		{CBE72720-79E8-4DDE-A218-31E7E238D89B}.Debug|x64.Build.0 = Debug|x64
		{CBE72720-79E8-4DDE-A218-31E7E238D89B}.Debug|x64.Deploy.0 = Debug|x64
		{CBE72720-79E8-4DDE-A218-31E7E238D89B}.Debug|x86.ActiveCfg = Debug|x86
		{CBE72720-79E8-4DDE-A218-31E7E238D89B}.Debug|x86.Build.0 = Debug|x86
		{CBE72720-79E8-4DDE-A218-31E7E238D89B}.Debug|x86.Deploy.0 = Debug|x86
		{CBE72720-79E8-4DDE-A218-31E7E238D89B}.Release|ARM.ActiveCfg = Release|ARM
		{CBE72720-79E8-4DDE-A218-31E7E238D89B}.Release|ARM.Build.0 = Release|ARM
		{CBE72720-79E8-4DDE-A218-31E7E238D89B}.Release|ARM.Deploy.0 = Release|ARM
		{CBE72720-79E8-4DDE-A218-31E7E238D89B}.Release|x64.ActiveCfg = Release|x64
		{CBE72720-79E8-4DDE-A218-31E7E238D89B}.Release|x64.Build.0 = Release|x64
		{CBE72720-79E8-4DDE-A218-31E7E238D89B}.Release|x64.Deploy.0 = Release|x64
		{CBE72720-79E8-4DDE-A218-31E7E238D89B}.Release|x86.ActiveCfg = Release|x86
		{CBE72720-79E8-4DDE-A218-31E7E238D89B}.Release|x86.Build.0 = Release|x86
		{CBE72720-79E8-4DDE-A218-31E7E238D89B}.Release|x86.Deploy.0 = Release|x86
	EndGlobalSection
	GlobalSection(SolutionProperties) = preSolution
		HideSolutionNode = FALSE
	EndGlobalSection
	GlobalSection(ExtensibilityGlobals) = postSolution
		SolutionGuid = {D67A88B8-BB09-4FED-B69B-FB296AD1E905}
	EndGlobalSection
EndGlobal
